Microsoft Visual Studio Solution File, Format Version 12.00
# Visual Studio Version 16
VisualStudioVersion = 16.0.30330.147
MinimumVisualStudioVersion = 10.0.40219.1
Project("{9A19103F-16F7-4668-BE54-9A1E7A4F7556}") = "AllGUDMeshGen", "AllGUDMeshGen\AllGUDMeshGen.csproj", "{1084A8F0-DB4A-4517-9876-29E9B44D4A89}"
EndProject
Project("{9A19103F-16F7-4668-BE54-9A1E7A4F7556}") = "PatcherTest", "PatcherTest\PatcherTest.csproj", "{EA413B93-2EFB-4CB3-BA37-733A465FC997}"
EndProject
Global
	GlobalSection(SolutionConfigurationPlatforms) = preSolution
		Debug|Any CPU = Debug|Any CPU
		Release|Any CPU = Release|Any CPU
	EndGlobalSection
	GlobalSection(ProjectConfigurationPlatforms) = postSolution
		{1084A8F0-DB4A-4517-9876-29E9B44D4A89}.Debug|Any CPU.ActiveCfg = Debug|Any CPU
		{1084A8F0-DB4A-4517-9876-29E9B44D4A89}.Debug|Any CPU.Build.0 = Debug|Any CPU
		{1084A8F0-DB4A-4517-9876-29E9B44D4A89}.Release|Any CPU.ActiveCfg = Release|Any CPU
		{1084A8F0-DB4A-4517-9876-29E9B44D4A89}.Release|Any CPU.Build.0 = Release|Any CPU
		{EA413B93-2EFB-4CB3-BA37-733A465FC997}.Debug|Any CPU.ActiveCfg = Debug|Any CPU
		{EA413B93-2EFB-4CB3-BA37-733A465FC997}.Debug|Any CPU.Build.0 = Debug|Any CPU
		{EA413B93-2EFB-4CB3-BA37-733A465FC997}.Release|Any CPU.ActiveCfg = Release|Any CPU
		{EA413B93-2EFB-4CB3-BA37-733A465FC997}.Release|Any CPU.Build.0 = Release|Any CPU
	EndGlobalSection
	GlobalSection(SolutionProperties) = preSolution
		HideSolutionNode = FALSE
	EndGlobalSection
	GlobalSection(ExtensibilityGlobals) = postSolution
		SolutionGuid = {D52039B3-2A2D-4001-9E24-C011ED9C05C2}
	EndGlobalSection
EndGlobal
